{
  "requires": true,
  "lockfileVersion": 1,
  "dependencies": {
    "jquery": {
      "version": "3.6.0",
      "resolved": "https://registry.npmjs.org/jquery/-/jquery-3.6.0.tgz",
      "integrity": "sha512-JVzAR/AjBvVt2BmYhxRCSYysDsPcssdmTFnzyLEts9qNwmjmu4JTAMYubEfwVOSwpQ1I1sKKFcxhZCI2buerfw=="
    },
    "vue-filter-date-format": {
      "version": "1.3.1",
      "resolved": "https://registry.npmjs.org/vue-filter-date-format/-/vue-filter-date-format-1.3.1.tgz",
      "integrity": "sha512-gcnGpilqWSWHtx0FZ7C7YAP0/boNPjZbg/IomYz7m045Aweq0vfsjcN91ezVyNlbgVK8fhC8imkuM4NCsoqJHw=="
    }
  }
}
