{
  "name": "anctradate",
  "version": "1.0.0",
  "lockfileVersion": 1,
  "requires": true,
  "dependencies": {
    "@mdi/font": {
      "version": "4.5.95",
      "resolved": "https://registry.npmjs.org/@mdi/font/-/font-4.5.95.tgz",
      "integrity": "sha512-AjR2Zgu1feBXWlTfEjD6JQqLAMCqYn2Gzia5PWqFnysvz5F6JmPHtQFldIHXqyv2s/FwME7ZDBc5N86NEHbyvQ=="
    },
    "Base64": {
      "version": "1.1.0",
      "resolved": "https://registry.npmjs.org/Base64/-/Base64-1.1.0.tgz",
      "integrity": "sha512-qeacf8dvGpf+XAT27ESHMh7z84uRzj/ua2pQdJg483m3bEXv/kVFtDnMgvf70BQGqzbZhR9t6BmASzKvqfJf3Q=="
    },
    "JSLint-commonJS": {
      "version": "0.0.1",
      "resolved": "https://registry.npmjs.org/JSLint-commonJS/-/JSLint-commonJS-0.0.1.tgz",
      "integrity": "sha1-qwPlynJ0zwlOls+InxZoE3rBf9U="
    },
    "argparse": {
      "version": "1.0.10",
      "resolved": "https://registry.npmjs.org/argparse/-/argparse-1.0.10.tgz",
      "integrity": "sha512-o5Roy6tNG4SL/FOkCAN6RzjiakZS25RLYFrcMttJqbdd8BWrnA+fGz57iN5Pb06pvBGvl5gQ0B48dJlslXvoTg==",
      "requires": {
        "sprintf-js": "~1.0.2"
      }
    },
    "async": {
      "version": "3.1.0",
      "resolved": "https://registry.npmjs.org/async/-/async-3.1.0.tgz",
      "integrity": "sha512-4vx/aaY6j/j3Lw3fbCHNWP0pPaTCew3F6F3hYyl/tHs/ndmV1q7NW9T5yuJ2XAGwdQrP+6Wu20x06U4APo/iQQ=="
    },
    "axios": {
      "version": "0.19.0",
      "resolved": "https://registry.npmjs.org/axios/-/axios-0.19.0.tgz",
      "integrity": "sha512-1uvKqKQta3KBxIz14F2v06AEHZ/dIoeKfbTRkK1E5oqjDnuEerLmYTgJB5AiQZHJcljpg1TuRzdjDR06qNk0DQ==",
      "requires": {
        "follow-redirects": "1.5.10",
        "is-buffer": "^2.0.2"
      }
    },
    "babel-runtime": {
      "version": "6.26.0",
      "resolved": "https://registry.npmjs.org/babel-runtime/-/babel-runtime-6.26.0.tgz",
      "integrity": "sha1-llxwWGaOgrVde/4E/yM3vItWR/4=",
      "requires": {
        "core-js": "^2.4.0",
        "regenerator-runtime": "^0.11.0"
      }
    },
    "commander": {
      "version": "2.9.0",
      "resolved": "https://registry.npmjs.org/commander/-/commander-2.9.0.tgz",
      "integrity": "sha1-nJkJQXbhIkDLItbFFGCYQA/g99Q=",
      "requires": {
        "graceful-readlink": ">= 1.0.0"
      }
    },
    "core-js": {
      "version": "2.6.11",
      "resolved": "https://registry.npmjs.org/core-js/-/core-js-2.6.11.tgz",
      "integrity": "sha512-5wjnpaT/3dV+XB4borEsnAYQchn00XSgTAWKDkEqv+K8KevjbzmofK6hfJ9TZIlpj2N0xQpazy7PiRQiWHqzWg=="
    },
    "debug": {
      "version": "3.1.0",
      "resolved": "https://registry.npmjs.org/debug/-/debug-3.1.0.tgz",
      "integrity": "sha512-OX8XqP7/1a9cqkxYw2yXss15f26NKWBpDXQd0/uK/KPqdQhxbPa994hnzjcE2VqQpDslf55723cKPUOGSmMY3g==",
      "requires": {
        "ms": "2.0.0"
      }
    },
    "dox": {
      "version": "0.9.0",
      "resolved": "https://registry.npmjs.org/dox/-/dox-0.9.0.tgz",
      "integrity": "sha1-vpewhcufSgt+gINdVH53uGh9Cgw=",
      "requires": {
        "commander": "~2.9.0",
        "jsdoctypeparser": "^1.2.0",
        "markdown-it": "~7.0.0"
      }
    },
    "entities": {
      "version": "1.1.2",
      "resolved": "https://registry.npmjs.org/entities/-/entities-1.1.2.tgz",
      "integrity": "sha512-f2LZMYl1Fzu7YSBKg+RoROelpOaNrcGmE9AZubeDfrCEia483oW4MI4VyFd5VNHIgQ/7qm1I0wUHK1eJnn2y2w=="
    },
    "follow-redirects": {
      "version": "1.5.10",
      "resolved": "https://registry.npmjs.org/follow-redirects/-/follow-redirects-1.5.10.tgz",
      "integrity": "sha512-0V5l4Cizzvqt5D44aTXbFZz+FtyXV1vrDN6qrelxtfYQKW0KO0W2T/hkE8xvGa/540LkZlkaUjO4ailYTFtHVQ==",
      "requires": {
        "debug": "=3.1.0"
      }
    },
    "graceful-readlink": {
      "version": "1.0.1",
      "resolved": "https://registry.npmjs.org/graceful-readlink/-/graceful-readlink-1.0.1.tgz",
      "integrity": "sha1-TK+tdrxi8C+gObL5Tpo906ORpyU="
    },
    "is-buffer": {
      "version": "2.0.4",
      "resolved": "https://registry.npmjs.org/is-buffer/-/is-buffer-2.0.4.tgz",
      "integrity": "sha512-Kq1rokWXOPXWuaMAqZiJW4XxsmD9zGx9q4aePabbn3qCRGedtH7Cm+zV8WETitMfu1wdh+Rvd6w5egwSngUX2A=="
    },
    "jqtpl": {
      "version": "1.1.0",
      "resolved": "https://registry.npmjs.org/jqtpl/-/jqtpl-1.1.0.tgz",
      "integrity": "sha1-+5D6r7VB6BEZYModhqOqy9/3T34="
    },
    "jsdoctypeparser": {
      "version": "1.2.0",
      "resolved": "https://registry.npmjs.org/jsdoctypeparser/-/jsdoctypeparser-1.2.0.tgz",
      "integrity": "sha1-597cFToRhJ/8UUEUSuhqfvDCU5I=",
      "requires": {
        "lodash": "^3.7.0"
      }
    },
    "jsmin": {
      "version": "1.0.1",
      "resolved": "https://registry.npmjs.org/jsmin/-/jsmin-1.0.1.tgz",
      "integrity": "sha1-570NzWSWw79IYyNb9GGj2YqjuYw="
    },
    "jwt-decode": {
      "version": "2.2.0",
      "resolved": "https://registry.npmjs.org/jwt-decode/-/jwt-decode-2.2.0.tgz",
      "integrity": "sha1-fYa9VmefWM5qhHBKZX3TkruoGnk="
    },
    "linkify-it": {
      "version": "2.1.0",
      "resolved": "https://registry.npmjs.org/linkify-it/-/linkify-it-2.1.0.tgz",
      "integrity": "sha512-4REs8/062kV2DSHxNfq5183zrqXMl7WP0WzABH9IeJI+NLm429FgE1PDecltYfnOoFDFlZGh2T8PfZn0r+GTRg==",
      "requires": {
        "uc.micro": "^1.0.1"
      }
    },
    "lodash": {
      "version": "3.10.1",
      "resolved": "https://registry.npmjs.org/lodash/-/lodash-3.10.1.tgz",
      "integrity": "sha1-W/Rejkm6QYnhfUgnid/RW9FAt7Y="
    },
    "macaddress": {
      "version": "0.2.9",
      "resolved": "https://registry.npmjs.org/macaddress/-/macaddress-0.2.9.tgz",
      "integrity": "sha512-k4F1JUof6cQXxNFzx3thLby4oJzXTXQueAOOts944Vqizn+Rjc2QNFenT9FJSLU1CH3PmrHRSyZs2E+Cqw+P2w=="
    },
    "markdown-it": {
      "version": "7.0.1",
      "resolved": "https://registry.npmjs.org/markdown-it/-/markdown-it-7.0.1.tgz",
      "integrity": "sha1-8S2LiKk+ZCVDSN/Rg71wv2BWekI=",
      "requires": {
        "argparse": "^1.0.7",
        "entities": "~1.1.1",
        "linkify-it": "^2.0.0",
        "mdurl": "^1.0.1",
        "uc.micro": "^1.0.1"
      }
    },
    "marker-clusterer-plus": {
      "version": "2.1.4",
      "resolved": "https://registry.npmjs.org/marker-clusterer-plus/-/marker-clusterer-plus-2.1.4.tgz",
      "integrity": "sha1-+O/3TVmdqzt9Dj/tUmTqDnBPXWc="
    },
    "material-design-icons-iconfont": {
      "version": "5.0.1",
      "resolved": "https://registry.npmjs.org/material-design-icons-iconfont/-/material-design-icons-iconfont-5.0.1.tgz",
      "integrity": "sha512-Xg6rIdGrfySTqiTZ6d+nQbcFepS6R4uKbJP0oAqyeZXJY/bX6mZDnOmmUJusqLXfhIwirs0c++a6JpqVa8RFvA=="
    },
    "mdurl": {
      "version": "1.0.1",
      "resolved": "https://registry.npmjs.org/mdurl/-/mdurl-1.0.1.tgz",
      "integrity": "sha1-/oWy7HWlkDfyrf7BAP1sYBdhFS4="
    },
    "moment": {
      "version": "2.24.0",
      "resolved": "https://registry.npmjs.org/moment/-/moment-2.24.0.tgz",
      "integrity": "sha512-bV7f+6l2QigeBBZSM/6yTNq4P2fNpSWj/0e7jQcy87A8e7o2nAfP/34/2ky5Vw4B9S446EtIhodAzkFCcR4dQg=="
    },
    "ms": {
      "version": "2.0.0",
      "resolved": "https://registry.npmjs.org/ms/-/ms-2.0.0.tgz",
      "integrity": "sha1-VgiurfwAvmwpAd9fmGF4jeDVl8g="
    },
    "pillow": {
      "version": "0.0.9",
      "resolved": "https://registry.npmjs.org/pillow/-/pillow-0.0.9.tgz",
      "integrity": "sha1-PSXjEsCD5NlWPo70eNrf32MNS9U=",
      "requires": {
        "JSLint-commonJS": ">=0.0.1",
        "async": ">=0.1.18",
        "dox": ">=0.3.1",
        "jqtpl": ">=1.1.0",
        "jsmin": ">=1.0.1"
      }
    },
    "querystring": {
      "version": "0.2.0",
      "resolved": "https://registry.npmjs.org/querystring/-/querystring-0.2.0.tgz",
      "integrity": "sha1-sgmEkgO7Jd+CDadW50cAWHhSFiA="
    },
    "regenerator-runtime": {
      "version": "0.11.1",
      "resolved": "https://registry.npmjs.org/regenerator-runtime/-/regenerator-runtime-0.11.1.tgz",
      "integrity": "sha512-MguG95oij0fC3QV3URf4V2SDYGJhJnJGqvIIgdECeODCT98wSWDAJ94SSuVpYQUoTcGUIL6L4yNB7j1DFFHSBg=="
    },
    "sprintf-js": {
      "version": "1.0.3",
      "resolved": "https://registry.npmjs.org/sprintf-js/-/sprintf-js-1.0.3.tgz",
      "integrity": "sha1-BOaSb2YolTVPPdAVIDYzuFcpfiw="
    },
    "uc.micro": {
      "version": "1.0.6",
      "resolved": "https://registry.npmjs.org/uc.micro/-/uc.micro-1.0.6.tgz",
      "integrity": "sha512-8Y75pvTYkLJW2hWQHXxoqRgV7qb9B+9vFEtidML+7koHUFapnVJAZ6cKs+Qjz5Aw3aZWHMC6u0wJE3At+nSGwA=="
    },
    "vee-validate": {
      "version": "3.0.11",
      "resolved": "https://registry.npmjs.org/vee-validate/-/vee-validate-3.0.11.tgz",
      "integrity": "sha512-2KRLdtM/y+bU2o9KC7cZBGPRUsBxQaoFb3IlBOUkj6l24Gx5XWXxNkhaAXK97BRLOdM4CH/gJYFi9DOm0N7dTQ=="
    },
    "vue": {
      "version": "2.6.10",
      "resolved": "https://registry.npmjs.org/vue/-/vue-2.6.10.tgz",
      "integrity": "sha512-ImThpeNU9HbdZL3utgMCq0oiMzAkt1mcgy3/E6zWC/G6AaQoeuFdsl9nDhTDU3X1R6FK7nsIUuRACVcjI+A2GQ=="
    },
    "vue-auth": {
      "version": "1.0.0-alpha.1",
      "resolved": "https://registry.npmjs.org/vue-auth/-/vue-auth-1.0.0-alpha.1.tgz",
      "integrity": "sha1-PJ0d3Csgvag8GPvbsLJizs7+SDI=",
      "requires": {
        "Base64": "^1.0.0"
      }
    },
    "vue-auth-component": {
      "version": "0.0.7",
      "resolved": "https://registry.npmjs.org/vue-auth-component/-/vue-auth-component-0.0.7.tgz",
      "integrity": "sha512-O277psRsoAkLvFwyDqZjGWrcI5i/beWDUAiaRIjwJpJmhszgrpPxDb9DhdCgKodGK45NIZfmiEKKtbLCExYj2Q=="
    },
    "vue-authenticate-service": {
      "version": "0.7.0",
      "resolved": "https://registry.npmjs.org/vue-authenticate-service/-/vue-authenticate-service-0.7.0.tgz",
      "integrity": "sha512-vaRNqbbvrxh6LN2LPxioTbz0Zkg79MkkZQzYpGo4voi3xE3YDfXLiGExSCeaeyvNMJQd1REUKsHIZ3FIXgPvwA==",
      "requires": {
        "jwt-decode": "^2.2.0",
        "macaddress": "^0.2.9"
      }
    },
    "vue-cookies": {
      "version": "1.5.13",
      "resolved": "https://registry.npmjs.org/vue-cookies/-/vue-cookies-1.5.13.tgz",
      "integrity": "sha512-8pjpXnvbNWx1Lft0t3MJnW+ylv0Wa2Tb6Ch617u/pQah3+SfXUZZdkh3EL3bSpe/Sw2Wdw3+DhycgQsKANSxXg=="
    },
    "vue-date-format": {
      "version": "1.1.2",
      "resolved": "https://registry.npmjs.org/vue-date-format/-/vue-date-format-1.1.2.tgz",
      "integrity": "sha512-2QtEX4L2npBY7+qqk9IUcAsaxYlC/jbUkU9xCTxo7GQoBneBn0NRG5hX67MGOYOMoNTPq6x/9iCLJrcNwL3MfQ==",
      "requires": {
        "vue": "^2.5.11"
      }
    },
    "vue-filter-date-format": {
      "version": "1.3.0",
      "resolved": "https://registry.npmjs.org/vue-filter-date-format/-/vue-filter-date-format-1.3.0.tgz",
      "integrity": "sha512-CZjPvWiaxbucszzH5vycxKlwVED8N5t41iU1fXay9iAvEZI8t3oO37ZuUgfv5zjcY8RwIHjRQIdX711+1Cxzkg=="
    },
    "vue-i18n": {
      "version": "8.15.0",
      "resolved": "https://registry.npmjs.org/vue-i18n/-/vue-i18n-8.15.0.tgz",
      "integrity": "sha512-juJ/avAP39bOMycC+qQDLJ8U9z9LtLF/9PsRoJLBSfsYZo9bqYntyyX5QPicwlb1emJKjgxhZ3YofHiQcXBu0Q=="
    },
    "vue-material": {
      "version": "1.0.0-beta-11",
      "resolved": "https://registry.npmjs.org/vue-material/-/vue-material-1.0.0-beta-11.tgz",
      "integrity": "sha512-1+dIVkQafMIA/zNONb7OwGaTjAxaWk/JhUA2/FInQvbArxf1ToKB+yIdeSfzopQ1KICnBTAmk9E0Vdr5p4MWNA=="
    },
    "vue-material-design-icons": {
      "version": "4.1.0",
      "resolved": "https://registry.npmjs.org/vue-material-design-icons/-/vue-material-design-icons-4.1.0.tgz",
      "integrity": "sha512-WP7EA5dY/Gtapw4G9iT7xHTKU4eB75/DKDNC8OkiCziJ32A9SbhOvN52R9wI66I3HLxsABZ/fVYt+J0Wu1fdAw=="
    },
    "vue-media-library-image": {
      "version": "0.1.2",
      "resolved": "https://registry.npmjs.org/vue-media-library-image/-/vue-media-library-image-0.1.2.tgz",
      "integrity": "sha512-8mGCKIgUI8O28yUIa58E1EV2CDJWkI2Y2HS8jzkWzr50IB5tjvmjB8Ptnd7V3bGTOQjWyy5NI8+e/LlEyiKHPQ=="
    },
    "vue2-google-maps": {
      "version": "0.10.7",
      "resolved": "https://registry.npmjs.org/vue2-google-maps/-/vue2-google-maps-0.10.7.tgz",
      "integrity": "sha512-y5aBJTAsfGvpsbfgPaeWU7o7QbOeINZKsP6SB9qrBe8U8EYBFO/bTWo3rcMq/NOtgT/XssV3Nwg/2u3no6jWbw==",
      "requires": {
        "babel-runtime": "^6.26.0",
        "marker-clusterer-plus": "^2.1.4"
      }
    },
    "vuetify": {
      "version": "2.0.19",
      "resolved": "https://registry.npmjs.org/vuetify/-/vuetify-2.0.19.tgz",
      "integrity": "sha512-zBskf77Z+RH8+Qs1q0NIDv/1enVkOoVH2dcdjcs+ZUNOhnlG0IkDedmqE2+PNm0JvJdgpOaV8wq+Pl69TGD2Hg=="
    },
    "vuex": {
      "version": "3.2.0",
      "resolved": "https://registry.npmjs.org/vuex/-/vuex-3.2.0.tgz",
      "integrity": "sha512-qBZGJJ1gUNWZbfZlH7ylIPwENg3R0Ckpq+qPexF065kOMOt1Ixt8WDJmtssVv7OhepWD0+Qie7pOS8f0oQy1JA=="
    }
  }
}
