# THIS IS AN AUTOGENERATED FILE. DO NOT EDIT THIS FILE DIRECTLY.
# yarn lockfile v1


"@mdi/font@^4.5.95":
  version "4.9.95"
  resolved "https://registry.yarnpkg.com/@mdi/font/-/font-4.9.95.tgz#00ed2ffe289c9230f146e74559c07542d3f4475a"
  integrity sha512-m2sbAs+SMwRnWpkMriBxEulwuhmqRyh6X+hdOZlqSxYZUM2C2TaDnQ4gcilzdoAgru2XYnWViZ/xPuSDGgRXVw==

Base64@^1.0.0:
  version "1.1.0"
  resolved "https://registry.yarnpkg.com/Base64/-/Base64-1.1.0.tgz#810ef21afa8357df92ad7b5389188c446b9cb956"
  integrity sha512-qeacf8dvGpf+XAT27ESHMh7z84uRzj/ua2pQdJg483m3bEXv/kVFtDnMgvf70BQGqzbZhR9t6BmASzKvqfJf3Q==

JSLint-commonJS@>=0.0.1:
  version "0.0.1"
  resolved "https://registry.yarnpkg.com/JSLint-commonJS/-/JSLint-commonJS-0.0.1.tgz#ab03e5ca7274cf094e96cf889f1668137ac17fd5"
  integrity sha1-qwPlynJ0zwlOls+InxZoE3rBf9U=

argparse@^1.0.7:
  version "1.0.10"
  resolved "https://registry.yarnpkg.com/argparse/-/argparse-1.0.10.tgz#bcd6791ea5ae09725e17e5ad988134cd40b3d911"
  integrity sha512-o5Roy6tNG4SL/FOkCAN6RzjiakZS25RLYFrcMttJqbdd8BWrnA+fGz57iN5Pb06pvBGvl5gQ0B48dJlslXvoTg==
  dependencies:
    sprintf-js "~1.0.2"

async@>=0.1.18:
  version "3.2.0"
  resolved "https://registry.yarnpkg.com/async/-/async-3.2.0.tgz#b3a2685c5ebb641d3de02d161002c60fc9f85720"
  integrity sha512-TR2mEZFVOj2pLStYxLht7TyfuRzaydfpxr3k9RpHIzMgw7A64dzsdqCxH1WJyQdoe8T10nDXd9wnEigmiuHIZw==

axios@^0.19.0:
  version "0.19.2"
  resolved "https://registry.yarnpkg.com/axios/-/axios-0.19.2.tgz#3ea36c5d8818d0d5f8a8a97a6d36b86cdc00cb27"
  integrity sha512-fjgm5MvRHLhx+osE2xoekY70AhARk3a6hkN+3Io1jc00jtquGvxYlKlsFUhmUET0V5te6CcZI7lcv2Ym61mjHA==
  dependencies:
    follow-redirects "1.5.10"

babel-runtime@^6.26.0:
  version "6.26.0"
  resolved "https://registry.yarnpkg.com/babel-runtime/-/babel-runtime-6.26.0.tgz#965c7058668e82b55d7bfe04ff2337bc8b5647fe"
  integrity sha1-llxwWGaOgrVde/4E/yM3vItWR/4=
  dependencies:
    core-js "^2.4.0"
    regenerator-runtime "^0.11.0"

commander@~2.9.0:
  version "2.9.0"
  resolved "https://registry.yarnpkg.com/commander/-/commander-2.9.0.tgz#9c99094176e12240cb22d6c5146098400fe0f7d4"
  integrity sha1-nJkJQXbhIkDLItbFFGCYQA/g99Q=
  dependencies:
    graceful-readlink ">= 1.0.0"

core-js@^2.4.0:
  version "2.6.11"
  resolved "https://registry.yarnpkg.com/core-js/-/core-js-2.6.11.tgz#38831469f9922bded8ee21c9dc46985e0399308c"
  integrity sha512-5wjnpaT/3dV+XB4borEsnAYQchn00XSgTAWKDkEqv+K8KevjbzmofK6hfJ9TZIlpj2N0xQpazy7PiRQiWHqzWg==

debug@=3.1.0:
  version "3.1.0"
  resolved "https://registry.yarnpkg.com/debug/-/debug-3.1.0.tgz#5bb5a0672628b64149566ba16819e61518c67261"
  integrity sha512-OX8XqP7/1a9cqkxYw2yXss15f26NKWBpDXQd0/uK/KPqdQhxbPa994hnzjcE2VqQpDslf55723cKPUOGSmMY3g==
  dependencies:
    ms "2.0.0"

dox@>=0.3.1:
  version "0.9.0"
  resolved "https://registry.yarnpkg.com/dox/-/dox-0.9.0.tgz#be97b085cb9f4a0b7e80835d547e77b8687d0a0c"
  integrity sha1-vpewhcufSgt+gINdVH53uGh9Cgw=
  dependencies:
    commander "~2.9.0"
    jsdoctypeparser "^1.2.0"
    markdown-it "~7.0.0"

entities@~1.1.1:
  version "1.1.2"
  resolved "https://registry.yarnpkg.com/entities/-/entities-1.1.2.tgz#bdfa735299664dfafd34529ed4f8522a275fea56"
  integrity sha512-f2LZMYl1Fzu7YSBKg+RoROelpOaNrcGmE9AZubeDfrCEia483oW4MI4VyFd5VNHIgQ/7qm1I0wUHK1eJnn2y2w==

follow-redirects@1.5.10:
  version "1.5.10"
  resolved "https://registry.yarnpkg.com/follow-redirects/-/follow-redirects-1.5.10.tgz#7b7a9f9aea2fdff36786a94ff643ed07f4ff5e2a"
  integrity sha512-0V5l4Cizzvqt5D44aTXbFZz+FtyXV1vrDN6qrelxtfYQKW0KO0W2T/hkE8xvGa/540LkZlkaUjO4ailYTFtHVQ==
  dependencies:
    debug "=3.1.0"

"graceful-readlink@>= 1.0.0":
  version "1.0.1"
  resolved "https://registry.yarnpkg.com/graceful-readlink/-/graceful-readlink-1.0.1.tgz#4cafad76bc62f02fa039b2f94e9a3dd3a391a725"
  integrity sha1-TK+tdrxi8C+gObL5Tpo906ORpyU=

jqtpl@>=1.1.0:
  version "1.1.0"
  resolved "https://registry.yarnpkg.com/jqtpl/-/jqtpl-1.1.0.tgz#fb90faafb541e8111960ca1d86a3aacbdff74f7e"
  integrity sha1-+5D6r7VB6BEZYModhqOqy9/3T34=

jsdoctypeparser@^1.2.0:
  version "1.2.0"
  resolved "https://registry.yarnpkg.com/jsdoctypeparser/-/jsdoctypeparser-1.2.0.tgz#e7dedc153a11849ffc5141144ae86a7ef0c25392"
  integrity sha1-597cFToRhJ/8UUEUSuhqfvDCU5I=
  dependencies:
    lodash "^3.7.0"

jsmin@>=1.0.1:
  version "1.0.1"
  resolved "https://registry.yarnpkg.com/jsmin/-/jsmin-1.0.1.tgz#e7bd0dcd6496c3bf4863235bf461a3d98aa3b98c"
  integrity sha1-570NzWSWw79IYyNb9GGj2YqjuYw=

jwt-decode@^2.2.0:
  version "2.2.0"
  resolved "https://registry.yarnpkg.com/jwt-decode/-/jwt-decode-2.2.0.tgz#7d86bd56679f58ce6a84704a657dd392bba81a79"
  integrity sha1-fYa9VmefWM5qhHBKZX3TkruoGnk=

linkify-it@^2.0.0:
  version "2.2.0"
  resolved "https://registry.yarnpkg.com/linkify-it/-/linkify-it-2.2.0.tgz#e3b54697e78bf915c70a38acd78fd09e0058b1cf"
  integrity sha512-GnAl/knGn+i1U/wjBz3akz2stz+HrHLsxMwHQGofCDfPvlf+gDKN58UtfmUquTY4/MXeE2x7k19KQmeoZi94Iw==
  dependencies:
    uc.micro "^1.0.1"

lodash@^3.7.0:
  version "3.10.1"
  resolved "https://registry.yarnpkg.com/lodash/-/lodash-3.10.1.tgz#5bf45e8e49ba4189e17d482789dfd15bd140b7b6"
  integrity sha1-W/Rejkm6QYnhfUgnid/RW9FAt7Y=

macaddress@^0.2.9:
  version "0.2.9"
  resolved "https://registry.yarnpkg.com/macaddress/-/macaddress-0.2.9.tgz#3579b8b9acd5b96b4553abf0f394185a86813cb3"
  integrity sha512-k4F1JUof6cQXxNFzx3thLby4oJzXTXQueAOOts944Vqizn+Rjc2QNFenT9FJSLU1CH3PmrHRSyZs2E+Cqw+P2w==

markdown-it@~7.0.0:
  version "7.0.1"
  resolved "https://registry.yarnpkg.com/markdown-it/-/markdown-it-7.0.1.tgz#f12d8b88a93e64254348dfd183bd70bf60567a42"
  integrity sha1-8S2LiKk+ZCVDSN/Rg71wv2BWekI=
  dependencies:
    argparse "^1.0.7"
    entities "~1.1.1"
    linkify-it "^2.0.0"
    mdurl "^1.0.1"
    uc.micro "^1.0.1"

marker-clusterer-plus@^2.1.4:
  version "2.1.4"
  resolved "https://registry.yarnpkg.com/marker-clusterer-plus/-/marker-clusterer-plus-2.1.4.tgz#f8eff74d599dab3b7d0e3fed5264ea0e704f5d67"
  integrity sha1-+O/3TVmdqzt9Dj/tUmTqDnBPXWc=

material-design-icons-iconfont@^5.0.1:
  version "5.0.1"
  resolved "https://registry.yarnpkg.com/material-design-icons-iconfont/-/material-design-icons-iconfont-5.0.1.tgz#371875ed7fe9c8c520bc7123c3231feeab731c31"
  integrity sha512-Xg6rIdGrfySTqiTZ6d+nQbcFepS6R4uKbJP0oAqyeZXJY/bX6mZDnOmmUJusqLXfhIwirs0c++a6JpqVa8RFvA==

mdurl@^1.0.1:
  version "1.0.1"
  resolved "https://registry.yarnpkg.com/mdurl/-/mdurl-1.0.1.tgz#fe85b2ec75a59037f2adfec100fd6c601761152e"
  integrity sha1-/oWy7HWlkDfyrf7BAP1sYBdhFS4=

moment@^2.24.0:
  version "2.24.0"
  resolved "https://registry.yarnpkg.com/moment/-/moment-2.24.0.tgz#0d055d53f5052aa653c9f6eb68bb5d12bf5c2b5b"
  integrity sha512-bV7f+6l2QigeBBZSM/6yTNq4P2fNpSWj/0e7jQcy87A8e7o2nAfP/34/2ky5Vw4B9S446EtIhodAzkFCcR4dQg==

ms@2.0.0:
  version "2.0.0"
  resolved "https://registry.yarnpkg.com/ms/-/ms-2.0.0.tgz#5608aeadfc00be6c2901df5f9861788de0d597c8"
  integrity sha1-VgiurfwAvmwpAd9fmGF4jeDVl8g=

pillow@^0.0.9:
  version "0.0.9"
  resolved "https://registry.yarnpkg.com/pillow/-/pillow-0.0.9.tgz#3d25e312c083e4d9563e8ef478dadfdf630d4bd5"
  integrity sha1-PSXjEsCD5NlWPo70eNrf32MNS9U=
  dependencies:
    JSLint-commonJS ">=0.0.1"
    async ">=0.1.18"
    dox ">=0.3.1"
    jqtpl ">=1.1.0"
    jsmin ">=1.0.1"

querystring@^0.2.0:
  version "0.2.0"
  resolved "https://registry.yarnpkg.com/querystring/-/querystring-0.2.0.tgz#b209849203bb25df820da756e747005878521620"
  integrity sha1-sgmEkgO7Jd+CDadW50cAWHhSFiA=

regenerator-runtime@^0.11.0:
  version "0.11.1"
  resolved "https://registry.yarnpkg.com/regenerator-runtime/-/regenerator-runtime-0.11.1.tgz#be05ad7f9bf7d22e056f9726cee5017fbf19e2e9"
  integrity sha512-MguG95oij0fC3QV3URf4V2SDYGJhJnJGqvIIgdECeODCT98wSWDAJ94SSuVpYQUoTcGUIL6L4yNB7j1DFFHSBg==

sprintf-js@~1.0.2:
  version "1.0.3"
  resolved "https://registry.yarnpkg.com/sprintf-js/-/sprintf-js-1.0.3.tgz#04e6926f662895354f3dd015203633b857297e2c"
  integrity sha1-BOaSb2YolTVPPdAVIDYzuFcpfiw=

uc.micro@^1.0.1:
  version "1.0.6"
  resolved "https://registry.yarnpkg.com/uc.micro/-/uc.micro-1.0.6.tgz#9c411a802a409a91fc6cf74081baba34b24499ac"
  integrity sha512-8Y75pvTYkLJW2hWQHXxoqRgV7qb9B+9vFEtidML+7koHUFapnVJAZ6cKs+Qjz5Aw3aZWHMC6u0wJE3At+nSGwA==

vee-validate@^3.0.11:
  version "3.3.0"
  resolved "https://registry.yarnpkg.com/vee-validate/-/vee-validate-3.3.0.tgz#9f426831cbf8394860b948b30a7bcc6d2b5d173b"
  integrity sha512-+QQZgA0I9ZTDsYNOSFlUqOvGIqW4yxjloxQCC6TD0rPn407G9hifn6RnId8kzl6+zHfl3/dE+bko49mYzgNNGg==

vue-auth-component@0.0.7:
  version "0.0.7"
  resolved "https://registry.yarnpkg.com/vue-auth-component/-/vue-auth-component-0.0.7.tgz#9c3533a9f839181568aa0a7e854d25b38b4aa346"
  integrity sha512-O277psRsoAkLvFwyDqZjGWrcI5i/beWDUAiaRIjwJpJmhszgrpPxDb9DhdCgKodGK45NIZfmiEKKtbLCExYj2Q==

vue-auth@^1.0.0-alpha.1:
  version "1.0.0-alpha.1"
  resolved "https://registry.yarnpkg.com/vue-auth/-/vue-auth-1.0.0-alpha.1.tgz#3c9d1ddc2b20bda83c18fbdbb0b262cecefe4832"
  integrity sha1-PJ0d3Csgvag8GPvbsLJizs7+SDI=
  dependencies:
    Base64 "^1.0.0"

vue-authenticate-service@^0.7.0:
  version "0.7.0"
  resolved "https://registry.yarnpkg.com/vue-authenticate-service/-/vue-authenticate-service-0.7.0.tgz#68bc846b16543f5782176c2d69d0ddf8f4d2c370"
  integrity sha512-vaRNqbbvrxh6LN2LPxioTbz0Zkg79MkkZQzYpGo4voi3xE3YDfXLiGExSCeaeyvNMJQd1REUKsHIZ3FIXgPvwA==
  dependencies:
    jwt-decode "^2.2.0"
    macaddress "^0.2.9"

vue-cookies@^1.5.13:
  version "1.7.0"
  resolved "https://registry.yarnpkg.com/vue-cookies/-/vue-cookies-1.7.0.tgz#dd8f147ff1579e0cbd5f352dc5dff2696d8760b8"
  integrity sha512-vuEUm6wYMMrFAHFCrkzIUAy8+MgPAbBGmYXnk2M6X6O2KHbMT1wuDD2izacmsSUp6ZM02e23MJRtPRobl88VMg==

vue-date-format@^1.1.2:
  version "1.1.2"
  resolved "https://registry.yarnpkg.com/vue-date-format/-/vue-date-format-1.1.2.tgz#a9c03982a1baa6b5b5fc5aaa13e5b8cbceffbc0f"
  integrity sha512-2QtEX4L2npBY7+qqk9IUcAsaxYlC/jbUkU9xCTxo7GQoBneBn0NRG5hX67MGOYOMoNTPq6x/9iCLJrcNwL3MfQ==
  dependencies:
    vue "^2.5.11"

vue-filter-date-format@^1.3.0:
  version "1.3.1"
  resolved "https://registry.yarnpkg.com/vue-filter-date-format/-/vue-filter-date-format-1.3.1.tgz#b27750060c0e531fb3794ca0a9640223c58be03c"
  integrity sha512-gcnGpilqWSWHtx0FZ7C7YAP0/boNPjZbg/IomYz7m045Aweq0vfsjcN91ezVyNlbgVK8fhC8imkuM4NCsoqJHw==

vue-i18n@^8.15.0:
  version "8.17.3"
  resolved "https://registry.yarnpkg.com/vue-i18n/-/vue-i18n-8.17.3.tgz#f366082d5784c3c35e8ffda733cb3f3990a3900d"
  integrity sha512-sWjGOL7dXo6rYcPQmlY8FN/beLxq2aCnTZMSxfW0yW78rRGpqWrqXJURH56kvMYCnyNCepBjGWEEW0rbFiig5Q==

vue-material-design-icons@^4.1.0:
  version "4.6.0"
  resolved "https://registry.yarnpkg.com/vue-material-design-icons/-/vue-material-design-icons-4.6.0.tgz#869068037ac9c24801fdb9916345653d246977de"
  integrity sha512-b0Js/C4WHFnpcuH8goxl0bM7mjuSNClAYvsijUwfMfWXjW663ZvcQj3Int5H9rgRwZjPXPTJVxbFn+4sWJKMVA==

vue-material@^1.0.0-beta-11:
  version "1.0.0-beta-11"
  resolved "https://registry.yarnpkg.com/vue-material/-/vue-material-1.0.0-beta-11.tgz#11baf0cdb22a35d35859c619099d6c3cb3cc2cc3"
  integrity sha512-1+dIVkQafMIA/zNONb7OwGaTjAxaWk/JhUA2/FInQvbArxf1ToKB+yIdeSfzopQ1KICnBTAmk9E0Vdr5p4MWNA==

vue-media-library-image@^0.1.2:
  version "0.1.2"
  resolved "https://registry.yarnpkg.com/vue-media-library-image/-/vue-media-library-image-0.1.2.tgz#c14ac739a1448bd658131f0587300325c57b1e7d"
  integrity sha512-8mGCKIgUI8O28yUIa58E1EV2CDJWkI2Y2HS8jzkWzr50IB5tjvmjB8Ptnd7V3bGTOQjWyy5NI8+e/LlEyiKHPQ==

vue2-google-maps@^0.10.7:
  version "0.10.7"
  resolved "https://registry.yarnpkg.com/vue2-google-maps/-/vue2-google-maps-0.10.7.tgz#2e4c1239386001bd47777d8c6a0475e5320cc3a8"
  integrity sha512-y5aBJTAsfGvpsbfgPaeWU7o7QbOeINZKsP6SB9qrBe8U8EYBFO/bTWo3rcMq/NOtgT/XssV3Nwg/2u3no6jWbw==
  dependencies:
    babel-runtime "^6.26.0"
    marker-clusterer-plus "^2.1.4"

vue@^2.5.11:
  version "2.6.11"
  resolved "https://registry.yarnpkg.com/vue/-/vue-2.6.11.tgz#76594d877d4b12234406e84e35275c6d514125c5"
  integrity sha512-VfPwgcGABbGAue9+sfrD4PuwFar7gPb1yl1UK1MwXoQPAw0BKSqWfoYCT/ThFrdEVWoI51dBuyCoiNU9bZDZxQ==

vuetify@^2.0.19:
  version "2.2.22"
  resolved "https://registry.yarnpkg.com/vuetify/-/vuetify-2.2.22.tgz#a5bc5814a16472d719acb45d2cb5fb5605d2e12e"
  integrity sha512-3RFKqLS81xoNdDUldOCpxFhYaqiYVCMpTmovAmyPhidmqC9PaMNuM5aCKkKnOgG/xIN/0SgZg3wJfe0o72RhlQ==

vuex@^3.2.0:
  version "3.2.0"
  resolved "https://registry.yarnpkg.com/vuex/-/vuex-3.2.0.tgz#86da7f26c3e131ff374870580109145a640ee5a8"
  integrity sha512-qBZGJJ1gUNWZbfZlH7ylIPwENg3R0Ckpq+qPexF065kOMOt1Ixt8WDJmtssVv7OhepWD0+Qie7pOS8f0oQy1JA==
